
Microsoft Visual Studio Solution File, Format Version 12.00
# Visual Studio Version 17
VisualStudioVersion = 17.0.32112.339
MinimumVisualStudioVersion = 10.0.40219.1
Project("{FAE04EC0-301F-11D3-BF4B-00C04F79EFBC}") = "SekillerDunyasi", "SekillerDunyasi\SekillerDunyasi.csproj", "{6C3FADDA-5206-48B4-A95E-57CE621AD2F0}"
EndProject
Global
	GlobalSection(SolutionConfigurationPlatforms) = preSolution
		Debug|Any CPU = Debug|Any CPU
		Release|Any CPU = Release|Any CPU
	EndGlobalSection
	GlobalSection(ProjectConfigurationPlatforms) = postSolution
		{6C3FADDA-5206-48B4-A95E-57CE621AD2F0}.Debug|Any CPU.ActiveCfg = Debug|Any CPU
		{6C3FADDA-5206-48B4-A95E-57CE621AD2F0}.Debug|Any CPU.Build.0 = Debug|Any CPU
		{6C3FADDA-5206-48B4-A95E-57CE621AD2F0}.Release|Any CPU.ActiveCfg = Release|Any CPU
		{6C3FADDA-5206-48B4-A95E-57CE621AD2F0}.Release|Any CPU.Build.0 = Release|Any CPU
	EndGlobalSection
	GlobalSection(SolutionProperties) = preSolution
		HideSolutionNode = FALSE
	EndGlobalSection
	GlobalSection(ExtensibilityGlobals) = postSolution
		SolutionGuid = {FF9B8C58-7E83-41D9-8ACB-81F9FE468940}
	EndGlobalSection
EndGlobal
